<?xml version="1.0" encoding="utf-8"?>
<Project ToolsVersion="4.0" xmlns="http://schemas.microsoft.com/developer/msbuild/2003">
  <ItemGroup>
    <Filter Include="소스 파일">
      <UniqueIdentifier>{4FC737F1-C7A5-4376-A066-2A32D752A2FF}</UniqueIdentifier>
      <Extensions>cpp;c;cc;cxx;c++;cppm;ixx;def;odl;idl;hpj;bat;asm;asmx</Extensions>
    </Filter>
    <Filter Include="헤더 파일">
      <UniqueIdentifier>{93995380-89BD-4b04-88EB-625FBE52EBFB}</UniqueIdentifier>
      <Extensions>h;hh;hpp;hxx;h++;hm;inl;inc;ipp;xsd</Extensions>
    </Filter>
    <Filter Include="리소스 파일">
      <UniqueIdentifier>{67DA6AB6-F800-4c08-8B7A-83BB121AAD01}</UniqueIdentifier>
      <Extensions>rc;ico;cur;bmp;dlg;rc2;rct;bin;rgs;gif;jpg;jpeg;jpe;resx;tiff;tif;png;wav;mfcribbon-ms</Extensions>
    </Filter>
    <Filter Include="소스 파일\CCore">
      <UniqueIdentifier>{67032d9d-7831-4e29-ab3f-a4424eab039c}</UniqueIdentifier>
    </Filter>
    <Filter Include="소스 파일\Manager">
      <UniqueIdentifier>{c2a9700f-d551-4875-9b8a-3c3630939a2d}</UniqueIdentifier>
    </Filter>
    <Filter Include="소스 파일\Manager\Key">
      <UniqueIdentifier>{a167b9a6-67bf-4a6a-8f31-0d2412b00024}</UniqueIdentifier>
    </Filter>
    <Filter Include="소스 파일\Manager\Time">
      <UniqueIdentifier>{bb782e8b-fe05-478e-ab40-ef5ac30b83ed}</UniqueIdentifier>
    </Filter>
    <Filter Include="소스 파일\Manager\Scene">
      <UniqueIdentifier>{da81eb51-9fda-4452-a8ec-7794ac6986fd}</UniqueIdentifier>
    </Filter>
    <Filter Include="소스 파일\Scene">
      <UniqueIdentifier>{b53bb674-7be0-4a3c-88b1-4a419286aa31}</UniqueIdentifier>
    </Filter>
    <Filter Include="소스 파일\Object">
      <UniqueIdentifier>{cfc6138d-560b-4c69-b67c-24aa0011b0c3}</UniqueIdentifier>
    </Filter>
    <Filter Include="소스 파일\Object\Player">
      <UniqueIdentifier>{6820242a-95c9-41ed-9b96-91d4a199ee7a}</UniqueIdentifier>
    </Filter>
    <Filter Include="소스 파일\Scene\Start_Scene">
      <UniqueIdentifier>{19b49b52-9641-4e0d-a357-b78f2a783847}</UniqueIdentifier>
    </Filter>
    <Filter Include="소스 파일\Manager\Mouse">
      <UniqueIdentifier>{a318df68-efd2-4ff8-8ac5-be0c978725e5}</UniqueIdentifier>
    </Filter>
    <Filter Include="소스 파일\Model">
      <UniqueIdentifier>{b447ad41-e581-4cdb-84f9-d4562d078a24}</UniqueIdentifier>
    </Filter>
    <Filter Include="소스 파일\Manager\Camera">
      <UniqueIdentifier>{a3cfa90e-88b2-4c5a-9d23-cc8da043f94d}</UniqueIdentifier>
    </Filter>
    <Filter Include="소스 파일\Scene\Stage_1_Scene">
      <UniqueIdentifier>{555fb8f5-fe8f-48f3-b415-cee791a23b19}</UniqueIdentifier>
    </Filter>
    <Filter Include="소스 파일\Object\Sphere">
      <UniqueIdentifier>{745886ec-b155-4bd3-869f-1dd02093dcb7}</UniqueIdentifier>
    </Filter>
    <Filter Include="소스 파일\Camera">
      <UniqueIdentifier>{6e107e69-a4f7-4717-826c-fe2b9a4106db}</UniqueIdentifier>
    </Filter>
    <Filter Include="소스 파일\Camera\Start_Camera">
      <UniqueIdentifier>{ff43ce33-2779-4038-a74e-dbfd423ba0e1}</UniqueIdentifier>
    </Filter>
    <Filter Include="소스 파일\Camera\Debug_Camera">
      <UniqueIdentifier>{64ccad62-0258-4aea-82a3-0bb8c0c91fcc}</UniqueIdentifier>
    </Filter>
    <Filter Include="소스 파일\Object\Sova">
      <UniqueIdentifier>{2050e6b0-6dd0-469e-82da-33660bb2aa1d}</UniqueIdentifier>
    </Filter>
    <Filter Include="소스 파일\Object\Enemy">
      <UniqueIdentifier>{54914ff7-2a8e-436b-9109-734d42e31636}</UniqueIdentifier>
    </Filter>
    <Filter Include="소스 파일\Object\Ascent">
      <UniqueIdentifier>{200b9982-82dd-4081-8eed-a9aa358f41c1}</UniqueIdentifier>
    </Filter>
  </ItemGroup>
  <ItemGroup>
    <ClCompile Include="Sources\main.cpp">
      <Filter>소스 파일</Filter>
    </ClCompile>
    <ClCompile Include="Sources\CCore.cpp">
      <Filter>소스 파일\CCore</Filter>
    </ClCompile>
    <ClCompile Include="Sources\Managers\KeyMgr.cpp">
      <Filter>소스 파일\Manager\Key</Filter>
    </ClCompile>
    <ClCompile Include="Sources\Managers\SceneMgr.cpp">
      <Filter>소스 파일\Manager\Scene</Filter>
    </ClCompile>
    <ClCompile Include="Sources\Scenes\Start_Scene.cpp">
      <Filter>소스 파일\Scene\Start_Scene</Filter>
    </ClCompile>
    <ClCompile Include="Sources\Managers\TimeMgr.cpp">
      <Filter>소스 파일\Manager\Time</Filter>
    </ClCompile>
    <ClCompile Include="Sources\Objects\Player.cpp">
      <Filter>소스 파일\Object\Player</Filter>
    </ClCompile>
    <ClCompile Include="Sources\Objects\CObject.cpp">
      <Filter>소스 파일\Object</Filter>
    </ClCompile>
    <ClCompile Include="Sources\Scenes\CScene.cpp">
      <Filter>소스 파일\Scene</Filter>
    </ClCompile>
    <ClCompile Include="Sources\Managers\MouseMgr.cpp">
      <Filter>소스 파일\Manager\Mouse</Filter>
    </ClCompile>
    <ClCompile Include="Sources\Model\Model.cpp">
      <Filter>소스 파일\Model</Filter>
    </ClCompile>
    <ClCompile Include="Sources\Scenes\Stage_1_Scene.cpp">
      <Filter>소스 파일\Scene\Stage_1_Scene</Filter>
    </ClCompile>
    <ClCompile Include="Sources\Objects\Sphere.cpp">
      <Filter>소스 파일\Object\Sphere</Filter>
    </ClCompile>
    <ClCompile Include="Sources\Objects\Sova.cpp">
      <Filter>소스 파일\Object\Sova</Filter>
    </ClCompile>
    <ClCompile Include="Sources\Managers\CameraMgr.cpp">
      <Filter>소스 파일\Manager\Camera</Filter>
    </ClCompile>
    <ClCompile Include="Sources\Camera\CCamera.cpp">
      <Filter>소스 파일\Camera</Filter>
    </ClCompile>
    <ClCompile Include="Sources\Camera\Debug_Camera.cpp">
      <Filter>소스 파일\Camera\Debug_Camera</Filter>
    </ClCompile>
    <ClCompile Include="Sources\Camera\Start_Camera.cpp">
      <Filter>소스 파일\Camera\Start_Camera</Filter>
    </ClCompile>
    <ClCompile Include="Sources\Objects\Ascent.cpp">
      <Filter>소스 파일\Object\Ascent</Filter>
    </ClCompile>
    <ClCompile Include="Sources\Objects\Enemy.cpp">
      <Filter>소스 파일\Object\Enemy</Filter>
    </ClCompile>
    <ClCompile Include="Sources\ClientNetwork\ClientNetwork.cpp">
      <Filter>소스 파일</Filter>
    </ClCompile>
  </ItemGroup>
  <ItemGroup>
    <None Include="Shaders\vertex.glsl" />
    <None Include="Shaders\fragment.glsl" />
    <None Include="Shaders\animVertex.glsl" />
    <None Include="Shaders\animFragment.glsl" />
  </ItemGroup>
  <ItemGroup>
    <ClInclude Include="Headers\define.h">
      <Filter>헤더 파일</Filter>
    </ClInclude>
    <ClInclude Include="Headers\pch.h">
      <Filter>헤더 파일</Filter>
    </ClInclude>
    <ClInclude Include="Headers\CCore.h">
      <Filter>소스 파일\CCore</Filter>
    </ClInclude>
    <ClInclude Include="Headers\TimeMgr.h">
      <Filter>소스 파일\Manager\Time</Filter>
    </ClInclude>
    <ClInclude Include="Headers\Start_Scene.h">
      <Filter>소스 파일\Scene\Start_Scene</Filter>
    </ClInclude>
    <ClInclude Include="Headers\SceneMgr.h">
      <Filter>소스 파일\Manager\Scene</Filter>
    </ClInclude>
    <ClInclude Include="Headers\KeyMgr.h">
      <Filter>소스 파일\Manager\Key</Filter>
    </ClInclude>
    <ClInclude Include="Headers\CScene.h">
      <Filter>소스 파일\Scene</Filter>
    </ClInclude>
    <ClInclude Include="Headers\CObject.h">
      <Filter>소스 파일\Object</Filter>
    </ClInclude>
    <ClInclude Include="Headers\Player.h">
      <Filter>소스 파일\Object\Player</Filter>
    </ClInclude>
    <ClInclude Include="Headers\MouseMgr.h">
      <Filter>소스 파일\Manager\Mouse</Filter>
    </ClInclude>
    <ClInclude Include="Headers\Model.h">
      <Filter>소스 파일\Model</Filter>
    </ClInclude>
    <ClInclude Include="Headers\Stage_1_Scene.h">
      <Filter>소스 파일\Scene\Stage_1_Scene</Filter>
    </ClInclude>
    <ClInclude Include="Headers\Sphere.h">
      <Filter>소스 파일\Object\Sphere</Filter>
    </ClInclude>
    <ClInclude Include="Headers\Sova.h">
      <Filter>소스 파일\Object\Sova</Filter>
    </ClInclude>
    <ClInclude Include="Headers\CameraMgr.h">
      <Filter>소스 파일\Manager\Camera</Filter>
    </ClInclude>
    <ClInclude Include="Headers\CCamera.h">
      <Filter>소스 파일\Camera</Filter>
    </ClInclude>
    <ClInclude Include="Headers\Debug_Camera.h">
      <Filter>소스 파일\Camera\Debug_Camera</Filter>
    </ClInclude>
    <ClInclude Include="Headers\Start_Camera.h">
      <Filter>소스 파일\Camera\Start_Camera</Filter>
    </ClInclude>
    <ClInclude Include="Headers\Ascent.h">
      <Filter>소스 파일\Object\Ascent</Filter>
    </ClInclude>
    <ClInclude Include="Headers\AnimModel.h">
      <Filter>소스 파일\Model</Filter>
    </ClInclude>
    <ClInclude Include="Headers\Enemy.h">
      <Filter>소스 파일\Object\Enemy</Filter>
    </ClInclude>
    <ClInclude Include="Headers\IModel.h">
      <Filter>소스 파일\Model</Filter>
    </ClInclude>
    <ClInclude Include="Headers\ClientNetwork.h">
      <Filter>헤더 파일</Filter>
    </ClInclude>
    <ClInclude Include="Headers\PacketDefs.h">
      <Filter>헤더 파일</Filter>
    </ClInclude>
  </ItemGroup>
</Project>