<?xml version="1.0" encoding="utf-8"?>
<Project ToolsVersion="4.0" xmlns="http://schemas.microsoft.com/developer/msbuild/2003">
  <ItemGroup>
    <Filter Include="소스 파일">
      <UniqueIdentifier>{4FC737F1-C7A5-4376-A066-2A32D752A2FF}</UniqueIdentifier>
      <Extensions>cpp;c;cc;cxx;c++;cppm;ixx;def;odl;idl;hpj;bat;asm;asmx</Extensions>
    </Filter>
    <Filter Include="헤더 파일">
      <UniqueIdentifier>{93995380-89BD-4b04-88EB-625FBE52EBFB}</UniqueIdentifier>
      <Extensions>h;hh;hpp;hxx;h++;hm;inl;inc;ipp;xsd</Extensions>
    </Filter>
    <Filter Include="리소스 파일">
      <UniqueIdentifier>{67DA6AB6-F800-4c08-8B7A-83BB121AAD01}</UniqueIdentifier>
      <Extensions>rc;ico;cur;bmp;dlg;rc2;rct;bin;rgs;gif;jpg;jpeg;jpe;resx;tiff;tif;png;wav;mfcribbon-ms</Extensions>
    </Filter>
    <Filter Include="소스 파일\CCore">
      <UniqueIdentifier>{67032d9d-7831-4e29-ab3f-a4424eab039c}</UniqueIdentifier>
    </Filter>
    <Filter Include="소스 파일\Manager">
      <UniqueIdentifier>{c2a9700f-d551-4875-9b8a-3c3630939a2d}</UniqueIdentifier>
    </Filter>
    <Filter Include="소스 파일\Manager\Key">
      <UniqueIdentifier>{a167b9a6-67bf-4a6a-8f31-0d2412b00024}</UniqueIdentifier>
    </Filter>
    <Filter Include="소스 파일\Manager\Time">
      <UniqueIdentifier>{bb782e8b-fe05-478e-ab40-ef5ac30b83ed}</UniqueIdentifier>
    </Filter>
    <Filter Include="소스 파일\Manager\Scene">
      <UniqueIdentifier>{da81eb51-9fda-4452-a8ec-7794ac6986fd}</UniqueIdentifier>
    </Filter>
    <Filter Include="소스 파일\Scene">
      <UniqueIdentifier>{b53bb674-7be0-4a3c-88b1-4a419286aa31}</UniqueIdentifier>
    </Filter>
    <Filter Include="소스 파일\Object">
      <UniqueIdentifier>{cfc6138d-560b-4c69-b67c-24aa0011b0c3}</UniqueIdentifier>
    </Filter>
    <Filter Include="소스 파일\Object\Player">
      <UniqueIdentifier>{6820242a-95c9-41ed-9b96-91d4a199ee7a}</UniqueIdentifier>
    </Filter>
    <Filter Include="소스 파일\Scene\Start_Scene">
      <UniqueIdentifier>{19b49b52-9641-4e0d-a357-b78f2a783847}</UniqueIdentifier>
    </Filter>
    <Filter Include="소스 파일\Manager\Mouse">
      <UniqueIdentifier>{a318df68-efd2-4ff8-8ac5-be0c978725e5}</UniqueIdentifier>
    </Filter>
    <Filter Include="소스 파일\Model">
      <UniqueIdentifier>{b447ad41-e581-4cdb-84f9-d4562d078a24}</UniqueIdentifier>
    </Filter>
    <Filter Include="소스 파일\Manager\Camera">
      <UniqueIdentifier>{a3cfa90e-88b2-4c5a-9d23-cc8da043f94d}</UniqueIdentifier>
    </Filter>
    <Filter Include="소스 파일\Scene\Stage_1_Scene">
      <UniqueIdentifier>{555fb8f5-fe8f-48f3-b415-cee791a23b19}</UniqueIdentifier>
    </Filter>
  </ItemGroup>
  <ItemGroup>
    <ClCompile Include="main.cpp">
      <Filter>소스 파일</Filter>
    </ClCompile>
    <ClCompile Include="CCore.cpp">
      <Filter>소스 파일\CCore</Filter>
    </ClCompile>
    <ClCompile Include="KeyMgr.cpp">
      <Filter>소스 파일\Manager\Key</Filter>
    </ClCompile>
    <ClCompile Include="SceneMgr.cpp">
      <Filter>소스 파일\Manager\Scene</Filter>
    </ClCompile>
    <ClCompile Include="Start_Scene.cpp">
      <Filter>소스 파일\Scene\Start_Scene</Filter>
    </ClCompile>
    <ClCompile Include="TimeMgr.cpp">
      <Filter>소스 파일\Manager\Time</Filter>
    </ClCompile>
    <ClCompile Include="Player.cpp">
      <Filter>소스 파일\Object\Player</Filter>
    </ClCompile>
    <ClCompile Include="CObject.cpp">
      <Filter>소스 파일\Object</Filter>
    </ClCompile>
    <ClCompile Include="CScene.cpp">
      <Filter>소스 파일\Scene</Filter>
    </ClCompile>
    <ClCompile Include="MouseMgr.cpp">
      <Filter>소스 파일\Manager\Mouse</Filter>
    </ClCompile>
    <ClCompile Include="Model.cpp">
      <Filter>소스 파일\Model</Filter>
    </ClCompile>
    <ClCompile Include="Camera.cpp">
      <Filter>소스 파일\Manager\Camera</Filter>
    </ClCompile>
    <ClCompile Include="Stage_1_Scene.cpp">
      <Filter>소스 파일\Scene\Stage_1_Scene</Filter>
    </ClCompile>
  </ItemGroup>
  <ItemGroup>
    <None Include="vertex.glsl" />
    <None Include="fragment.glsl" />
  </ItemGroup>
  <ItemGroup>
    <ClInclude Include="define.h">
      <Filter>헤더 파일</Filter>
    </ClInclude>
    <ClInclude Include="pch.h">
      <Filter>헤더 파일</Filter>
    </ClInclude>
    <ClInclude Include="CCore.h">
      <Filter>소스 파일\CCore</Filter>
    </ClInclude>
    <ClInclude Include="TimeMgr.h">
      <Filter>소스 파일\Manager\Time</Filter>
    </ClInclude>
    <ClInclude Include="Start_Scene.h">
      <Filter>소스 파일\Scene\Start_Scene</Filter>
    </ClInclude>
    <ClInclude Include="SceneMgr.h">
      <Filter>소스 파일\Manager\Scene</Filter>
    </ClInclude>
    <ClInclude Include="KeyMgr.h">
      <Filter>소스 파일\Manager\Key</Filter>
    </ClInclude>
    <ClInclude Include="CScene.h">
      <Filter>소스 파일\Scene</Filter>
    </ClInclude>
    <ClInclude Include="CObject.h">
      <Filter>소스 파일\Object</Filter>
    </ClInclude>
    <ClInclude Include="Player.h">
      <Filter>소스 파일\Object\Player</Filter>
    </ClInclude>
    <ClInclude Include="MouseMgr.h">
      <Filter>소스 파일\Manager\Mouse</Filter>
    </ClInclude>
    <ClInclude Include="Model.h">
      <Filter>소스 파일\Model</Filter>
    </ClInclude>
    <ClInclude Include="Camera.h">
      <Filter>소스 파일\Manager\Camera</Filter>
    </ClInclude>
    <ClInclude Include="Stage_1_Scene.h">
      <Filter>소스 파일\Scene\Stage_1_Scene</Filter>
    </ClInclude>
  </ItemGroup>
</Project>